
Microsoft Visual Studio Solution File, Format Version 10.00
# Visual C++ Express 2008
Project("{8BC9CEB8-8B4A-11D0-8D11-00A0C91BC942}") = "libfcache", "libfcache\libfcache.vcproj", "{112CB576-E814-48BA-B2B2-5B88B75FDFF3}"
	ProjectSection(ProjectDependencies) = postProject
		{BA8293CB-B6B6-4893-858D-58CE55BBDC0C} = {BA8293CB-B6B6-4893-858D-58CE55BBDC0C}
		{EA549EFE-1485-4B38-9AE6-F81BFFCC5A7F} = {EA549EFE-1485-4B38-9AE6-F81BFFCC5A7F}
		{C60FD8D1-62FB-4340-9177-06A9E6CC6A13} = {C60FD8D1-62FB-4340-9177-06A9E6CC6A13}
	EndProjectSection
EndProject
Project("{8BC9CEB8-8B4A-11D0-8D11-00A0C91BC942}") = "vsapm_test_error", "vsapm_test_error\vsapm_test_error.vcproj", "{D5851644-C993-4C2D-B15B-727433077678}"
	ProjectSection(ProjectDependencies) = postProject
		{C06A0FD9-6A98-4316-9B87-60C1E08420CD} = {C06A0FD9-6A98-4316-9B87-60C1E08420CD}
	EndProjectSection
EndProject
Project("{8BC9CEB8-8B4A-11D0-8D11-00A0C91BC942}") = "vsapm_test_io_handle", "vsapm_test_io_handle\vsapm_test_io_handle.vcproj", "{012F5F8A-8049-4745-A494-4E26DB8A0C27}"
	ProjectSection(ProjectDependencies) = postProject
		{C06A0FD9-6A98-4316-9B87-60C1E08420CD} = {C06A0FD9-6A98-4316-9B87-60C1E08420CD}
		{BA8293CB-B6B6-4893-858D-58CE55BBDC0C} = {BA8293CB-B6B6-4893-858D-58CE55BBDC0C}
	EndProjectSection
EndProject
Project("{8BC9CEB8-8B4A-11D0-8D11-00A0C91BC942}") = "vsapm_test_notify", "vsapm_test_notify\vsapm_test_notify.vcproj", "{AD5D85B5-00D0-401E-B7B8-87AB5C9A1F35}"
	ProjectSection(ProjectDependencies) = postProject
		{C06A0FD9-6A98-4316-9B87-60C1E08420CD} = {C06A0FD9-6A98-4316-9B87-60C1E08420CD}
		{BA8293CB-B6B6-4893-858D-58CE55BBDC0C} = {BA8293CB-B6B6-4893-858D-58CE55BBDC0C}
	EndProjectSection
EndProject
Project("{8BC9CEB8-8B4A-11D0-8D11-00A0C91BC942}") = "vsapm_test_partition", "vsapm_test_partition\vsapm_test_partition.vcproj", "{4242AD85-068B-4440-BA4B-45FFA0DC3B37}"
	ProjectSection(ProjectDependencies) = postProject
		{95BC74D8-709C-45EC-8009-EF1056391B2B} = {95BC74D8-709C-45EC-8009-EF1056391B2B}
		{289CBACF-7AB2-42F9-BFA3-175C0EF6C15E} = {289CBACF-7AB2-42F9-BFA3-175C0EF6C15E}
		{E54B4891-2C9C-470F-B3EB-630B6F36FCD2} = {E54B4891-2C9C-470F-B3EB-630B6F36FCD2}
		{FF417CA7-B2AE-4F64-8C29-5A3602821F22} = {FF417CA7-B2AE-4F64-8C29-5A3602821F22}
		{E08542C1-87FE-4B7D-9B2A-5CC4B62CBB92} = {E08542C1-87FE-4B7D-9B2A-5CC4B62CBB92}
		{E8C2CD4C-9637-40BC-87CA-665EE68614AD} = {E8C2CD4C-9637-40BC-87CA-665EE68614AD}
		{3902A122-F3CB-433C-9F92-224AF528C7AD} = {3902A122-F3CB-433C-9F92-224AF528C7AD}
		{C60FD8D1-62FB-4340-9177-06A9E6CC6A13} = {C60FD8D1-62FB-4340-9177-06A9E6CC6A13}
		{C06A0FD9-6A98-4316-9B87-60C1E08420CD} = {C06A0FD9-6A98-4316-9B87-60C1E08420CD}
		{EA549EFE-1485-4B38-9AE6-F81BFFCC5A7F} = {EA549EFE-1485-4B38-9AE6-F81BFFCC5A7F}
		{BA8293CB-B6B6-4893-858D-58CE55BBDC0C} = {BA8293CB-B6B6-4893-858D-58CE55BBDC0C}
	EndProjectSection
EndProject
Project("{8BC9CEB8-8B4A-11D0-8D11-00A0C91BC942}") = "vsapm_test_partition_map_entry", "vsapm_test_partition_map_entry\vsapm_test_partition_map_entry.vcproj", "{40A9B4CC-2EF1-43B3-86B1-95CA68489692}"
	ProjectSection(ProjectDependencies) = postProject
		{95BC74D8-709C-45EC-8009-EF1056391B2B} = {95BC74D8-709C-45EC-8009-EF1056391B2B}
		{289CBACF-7AB2-42F9-BFA3-175C0EF6C15E} = {289CBACF-7AB2-42F9-BFA3-175C0EF6C15E}
		{E54B4891-2C9C-470F-B3EB-630B6F36FCD2} = {E54B4891-2C9C-470F-B3EB-630B6F36FCD2}
		{FF417CA7-B2AE-4F64-8C29-5A3602821F22} = {FF417CA7-B2AE-4F64-8C29-5A3602821F22}
		{E08542C1-87FE-4B7D-9B2A-5CC4B62CBB92} = {E08542C1-87FE-4B7D-9B2A-5CC4B62CBB92}
		{E8C2CD4C-9637-40BC-87CA-665EE68614AD} = {E8C2CD4C-9637-40BC-87CA-665EE68614AD}
		{3902A122-F3CB-433C-9F92-224AF528C7AD} = {3902A122-F3CB-433C-9F92-224AF528C7AD}
		{C60FD8D1-62FB-4340-9177-06A9E6CC6A13} = {C60FD8D1-62FB-4340-9177-06A9E6CC6A13}
		{C06A0FD9-6A98-4316-9B87-60C1E08420CD} = {C06A0FD9-6A98-4316-9B87-60C1E08420CD}
		{BA8293CB-B6B6-4893-858D-58CE55BBDC0C} = {BA8293CB-B6B6-4893-858D-58CE55BBDC0C}
	EndProjectSection
EndProject
Project("{8BC9CEB8-8B4A-11D0-8D11-00A0C91BC942}") = "vsapm_test_sector_data", "vsapm_test_sector_data\vsapm_test_sector_data.vcproj", "{D2490D13-CC79-4A91-9703-E46E6D0FA360}"
	ProjectSection(ProjectDependencies) = postProject
		{95BC74D8-709C-45EC-8009-EF1056391B2B} = {95BC74D8-709C-45EC-8009-EF1056391B2B}
		{289CBACF-7AB2-42F9-BFA3-175C0EF6C15E} = {289CBACF-7AB2-42F9-BFA3-175C0EF6C15E}
		{E54B4891-2C9C-470F-B3EB-630B6F36FCD2} = {E54B4891-2C9C-470F-B3EB-630B6F36FCD2}
		{FF417CA7-B2AE-4F64-8C29-5A3602821F22} = {FF417CA7-B2AE-4F64-8C29-5A3602821F22}
		{E08542C1-87FE-4B7D-9B2A-5CC4B62CBB92} = {E08542C1-87FE-4B7D-9B2A-5CC4B62CBB92}
		{E8C2CD4C-9637-40BC-87CA-665EE68614AD} = {E8C2CD4C-9637-40BC-87CA-665EE68614AD}
		{3902A122-F3CB-433C-9F92-224AF528C7AD} = {3902A122-F3CB-433C-9F92-224AF528C7AD}
		{C60FD8D1-62FB-4340-9177-06A9E6CC6A13} = {C60FD8D1-62FB-4340-9177-06A9E6CC6A13}
		{C06A0FD9-6A98-4316-9B87-60C1E08420CD} = {C06A0FD9-6A98-4316-9B87-60C1E08420CD}
		{BA8293CB-B6B6-4893-858D-58CE55BBDC0C} = {BA8293CB-B6B6-4893-858D-58CE55BBDC0C}
	EndProjectSection
EndProject
Project("{8BC9CEB8-8B4A-11D0-8D11-00A0C91BC942}") = "vsapm_test_support", "vsapm_test_support\vsapm_test_support.vcproj", "{8072C06F-52C2-426D-B215-1116409C75A7}"
	ProjectSection(ProjectDependencies) = postProject
		{95BC74D8-709C-45EC-8009-EF1056391B2B} = {95BC74D8-709C-45EC-8009-EF1056391B2B}
		{289CBACF-7AB2-42F9-BFA3-175C0EF6C15E} = {289CBACF-7AB2-42F9-BFA3-175C0EF6C15E}
		{E54B4891-2C9C-470F-B3EB-630B6F36FCD2} = {E54B4891-2C9C-470F-B3EB-630B6F36FCD2}
		{FF417CA7-B2AE-4F64-8C29-5A3602821F22} = {FF417CA7-B2AE-4F64-8C29-5A3602821F22}
		{E08542C1-87FE-4B7D-9B2A-5CC4B62CBB92} = {E08542C1-87FE-4B7D-9B2A-5CC4B62CBB92}
		{E8C2CD4C-9637-40BC-87CA-665EE68614AD} = {E8C2CD4C-9637-40BC-87CA-665EE68614AD}
		{3902A122-F3CB-433C-9F92-224AF528C7AD} = {3902A122-F3CB-433C-9F92-224AF528C7AD}
		{C60FD8D1-62FB-4340-9177-06A9E6CC6A13} = {C60FD8D1-62FB-4340-9177-06A9E6CC6A13}
		{C06A0FD9-6A98-4316-9B87-60C1E08420CD} = {C06A0FD9-6A98-4316-9B87-60C1E08420CD}
		{BA8293CB-B6B6-4893-858D-58CE55BBDC0C} = {BA8293CB-B6B6-4893-858D-58CE55BBDC0C}
	EndProjectSection
EndProject
Project("{8BC9CEB8-8B4A-11D0-8D11-00A0C91BC942}") = "vsapm_test_tools_info_handle", "vsapm_test_tools_info_handle\vsapm_test_tools_info_handle.vcproj", "{8C52A2E7-979F-4BEE-8292-34EC2C80420D}"
	ProjectSection(ProjectDependencies) = postProject
		{3902A122-F3CB-433C-9F92-224AF528C7AD} = {3902A122-F3CB-433C-9F92-224AF528C7AD}
		{C06A0FD9-6A98-4316-9B87-60C1E08420CD} = {C06A0FD9-6A98-4316-9B87-60C1E08420CD}
		{BA8293CB-B6B6-4893-858D-58CE55BBDC0C} = {BA8293CB-B6B6-4893-858D-58CE55BBDC0C}
	EndProjectSection
EndProject
Project("{8BC9CEB8-8B4A-11D0-8D11-00A0C91BC942}") = "vsapm_test_tools_output", "vsapm_test_tools_output\vsapm_test_tools_output.vcproj", "{E4DD33FC-68DB-49B5-8E66-A3F91E6ED24C}"
	ProjectSection(ProjectDependencies) = postProject
		{C06A0FD9-6A98-4316-9B87-60C1E08420CD} = {C06A0FD9-6A98-4316-9B87-60C1E08420CD}
		{BA8293CB-B6B6-4893-858D-58CE55BBDC0C} = {BA8293CB-B6B6-4893-858D-58CE55BBDC0C}
	EndProjectSection
EndProject
Project("{8BC9CEB8-8B4A-11D0-8D11-00A0C91BC942}") = "vsapm_test_tools_signal", "vsapm_test_tools_signal\vsapm_test_tools_signal.vcproj", "{A8911428-6CA7-422F-8069-28A6D1D28128}"
	ProjectSection(ProjectDependencies) = postProject
		{C06A0FD9-6A98-4316-9B87-60C1E08420CD} = {C06A0FD9-6A98-4316-9B87-60C1E08420CD}
		{BA8293CB-B6B6-4893-858D-58CE55BBDC0C} = {BA8293CB-B6B6-4893-858D-58CE55BBDC0C}
	EndProjectSection
EndProject
Project("{8BC9CEB8-8B4A-11D0-8D11-00A0C91BC942}") = "vsapm_test_volume", "vsapm_test_volume\vsapm_test_volume.vcproj", "{406BCCF0-3E9A-4983-BB50-BBBB01E05B9B}"
	ProjectSection(ProjectDependencies) = postProject
		{95BC74D8-709C-45EC-8009-EF1056391B2B} = {95BC74D8-709C-45EC-8009-EF1056391B2B}
		{289CBACF-7AB2-42F9-BFA3-175C0EF6C15E} = {289CBACF-7AB2-42F9-BFA3-175C0EF6C15E}
		{E54B4891-2C9C-470F-B3EB-630B6F36FCD2} = {E54B4891-2C9C-470F-B3EB-630B6F36FCD2}
		{FF417CA7-B2AE-4F64-8C29-5A3602821F22} = {FF417CA7-B2AE-4F64-8C29-5A3602821F22}
		{E08542C1-87FE-4B7D-9B2A-5CC4B62CBB92} = {E08542C1-87FE-4B7D-9B2A-5CC4B62CBB92}
		{E8C2CD4C-9637-40BC-87CA-665EE68614AD} = {E8C2CD4C-9637-40BC-87CA-665EE68614AD}
		{3902A122-F3CB-433C-9F92-224AF528C7AD} = {3902A122-F3CB-433C-9F92-224AF528C7AD}
		{C60FD8D1-62FB-4340-9177-06A9E6CC6A13} = {C60FD8D1-62FB-4340-9177-06A9E6CC6A13}
		{C06A0FD9-6A98-4316-9B87-60C1E08420CD} = {C06A0FD9-6A98-4316-9B87-60C1E08420CD}
		{EA549EFE-1485-4B38-9AE6-F81BFFCC5A7F} = {EA549EFE-1485-4B38-9AE6-F81BFFCC5A7F}
		{BA8293CB-B6B6-4893-858D-58CE55BBDC0C} = {BA8293CB-B6B6-4893-858D-58CE55BBDC0C}
	EndProjectSection
EndProject
Project("{8BC9CEB8-8B4A-11D0-8D11-00A0C91BC942}") = "libclocale", "libclocale\libclocale.vcproj", "{3902A122-F3CB-433C-9F92-224AF528C7AD}"
	ProjectSection(ProjectDependencies) = postProject
		{BA8293CB-B6B6-4893-858D-58CE55BBDC0C} = {BA8293CB-B6B6-4893-858D-58CE55BBDC0C}
	EndProjectSection
EndProject
Project("{8BC9CEB8-8B4A-11D0-8D11-00A0C91BC942}") = "libbfio", "libbfio\libbfio.vcproj", "{95BC74D8-709C-45EC-8009-EF1056391B2B}"
	ProjectSection(ProjectDependencies) = postProject
		{BA8293CB-B6B6-4893-858D-58CE55BBDC0C} = {BA8293CB-B6B6-4893-858D-58CE55BBDC0C}
		{EA549EFE-1485-4B38-9AE6-F81BFFCC5A7F} = {EA549EFE-1485-4B38-9AE6-F81BFFCC5A7F}
		{3902A122-F3CB-433C-9F92-224AF528C7AD} = {3902A122-F3CB-433C-9F92-224AF528C7AD}
		{E8C2CD4C-9637-40BC-87CA-665EE68614AD} = {E8C2CD4C-9637-40BC-87CA-665EE68614AD}
		{C60FD8D1-62FB-4340-9177-06A9E6CC6A13} = {C60FD8D1-62FB-4340-9177-06A9E6CC6A13}
		{E08542C1-87FE-4B7D-9B2A-5CC4B62CBB92} = {E08542C1-87FE-4B7D-9B2A-5CC4B62CBB92}
		{E54B4891-2C9C-470F-B3EB-630B6F36FCD2} = {E54B4891-2C9C-470F-B3EB-630B6F36FCD2}
		{289CBACF-7AB2-42F9-BFA3-175C0EF6C15E} = {289CBACF-7AB2-42F9-BFA3-175C0EF6C15E}
		{FF417CA7-B2AE-4F64-8C29-5A3602821F22} = {FF417CA7-B2AE-4F64-8C29-5A3602821F22}
	EndProjectSection
EndProject
Project("{8BC9CEB8-8B4A-11D0-8D11-00A0C91BC942}") = "libcfile", "libcfile\libcfile.vcproj", "{E54B4891-2C9C-470F-B3EB-630B6F36FCD2}"
	ProjectSection(ProjectDependencies) = postProject
		{BA8293CB-B6B6-4893-858D-58CE55BBDC0C} = {BA8293CB-B6B6-4893-858D-58CE55BBDC0C}
		{3902A122-F3CB-433C-9F92-224AF528C7AD} = {3902A122-F3CB-433C-9F92-224AF528C7AD}
		{E8C2CD4C-9637-40BC-87CA-665EE68614AD} = {E8C2CD4C-9637-40BC-87CA-665EE68614AD}
		{FF417CA7-B2AE-4F64-8C29-5A3602821F22} = {FF417CA7-B2AE-4F64-8C29-5A3602821F22}
	EndProjectSection
EndProject
Project("{8BC9CEB8-8B4A-11D0-8D11-00A0C91BC942}") = "libcthreads", "libcthreads\libcthreads.vcproj", "{EA549EFE-1485-4B38-9AE6-F81BFFCC5A7F}"
	ProjectSection(ProjectDependencies) = postProject
		{BA8293CB-B6B6-4893-858D-58CE55BBDC0C} = {BA8293CB-B6B6-4893-858D-58CE55BBDC0C}
	EndProjectSection
EndProject
Project("{8BC9CEB8-8B4A-11D0-8D11-00A0C91BC942}") = "libcpath", "libcpath\libcpath.vcproj", "{289CBACF-7AB2-42F9-BFA3-175C0EF6C15E}"
	ProjectSection(ProjectDependencies) = postProject
		{BA8293CB-B6B6-4893-858D-58CE55BBDC0C} = {BA8293CB-B6B6-4893-858D-58CE55BBDC0C}
		{3902A122-F3CB-433C-9F92-224AF528C7AD} = {3902A122-F3CB-433C-9F92-224AF528C7AD}
		{E08542C1-87FE-4B7D-9B2A-5CC4B62CBB92} = {E08542C1-87FE-4B7D-9B2A-5CC4B62CBB92}
		{FF417CA7-B2AE-4F64-8C29-5A3602821F22} = {FF417CA7-B2AE-4F64-8C29-5A3602821F22}
	EndProjectSection
EndProject
Project("{8BC9CEB8-8B4A-11D0-8D11-00A0C91BC942}") = "libuna", "libuna\libuna.vcproj", "{FF417CA7-B2AE-4F64-8C29-5A3602821F22}"
	ProjectSection(ProjectDependencies) = postProject
		{BA8293CB-B6B6-4893-858D-58CE55BBDC0C} = {BA8293CB-B6B6-4893-858D-58CE55BBDC0C}
	EndProjectSection
EndProject
Project("{8BC9CEB8-8B4A-11D0-8D11-00A0C91BC942}") = "libvsapm", "libvsapm\libvsapm.vcproj", "{C06A0FD9-6A98-4316-9B87-60C1E08420CD}"
	ProjectSection(ProjectDependencies) = postProject
		{BA8293CB-B6B6-4893-858D-58CE55BBDC0C} = {BA8293CB-B6B6-4893-858D-58CE55BBDC0C}
		{EA549EFE-1485-4B38-9AE6-F81BFFCC5A7F} = {EA549EFE-1485-4B38-9AE6-F81BFFCC5A7F}
		{C60FD8D1-62FB-4340-9177-06A9E6CC6A13} = {C60FD8D1-62FB-4340-9177-06A9E6CC6A13}
		{3902A122-F3CB-433C-9F92-224AF528C7AD} = {3902A122-F3CB-433C-9F92-224AF528C7AD}
		{E8C2CD4C-9637-40BC-87CA-665EE68614AD} = {E8C2CD4C-9637-40BC-87CA-665EE68614AD}
		{E08542C1-87FE-4B7D-9B2A-5CC4B62CBB92} = {E08542C1-87FE-4B7D-9B2A-5CC4B62CBB92}
		{FF417CA7-B2AE-4F64-8C29-5A3602821F22} = {FF417CA7-B2AE-4F64-8C29-5A3602821F22}
		{E54B4891-2C9C-470F-B3EB-630B6F36FCD2} = {E54B4891-2C9C-470F-B3EB-630B6F36FCD2}
		{289CBACF-7AB2-42F9-BFA3-175C0EF6C15E} = {289CBACF-7AB2-42F9-BFA3-175C0EF6C15E}
		{95BC74D8-709C-45EC-8009-EF1056391B2B} = {95BC74D8-709C-45EC-8009-EF1056391B2B}
		{112CB576-E814-48BA-B2B2-5B88B75FDFF3} = {112CB576-E814-48BA-B2B2-5B88B75FDFF3}
		{53CCA9A9-4780-4993-B037-2DD36E55C43A} = {53CCA9A9-4780-4993-B037-2DD36E55C43A}
	EndProjectSection
EndProject
Project("{8BC9CEB8-8B4A-11D0-8D11-00A0C91BC942}") = "libcerror", "libcerror\libcerror.vcproj", "{BA8293CB-B6B6-4893-858D-58CE55BBDC0C}"
EndProject
Project("{8BC9CEB8-8B4A-11D0-8D11-00A0C91BC942}") = "libcnotify", "libcnotify\libcnotify.vcproj", "{E8C2CD4C-9637-40BC-87CA-665EE68614AD}"
	ProjectSection(ProjectDependencies) = postProject
		{BA8293CB-B6B6-4893-858D-58CE55BBDC0C} = {BA8293CB-B6B6-4893-858D-58CE55BBDC0C}
	EndProjectSection
EndProject
Project("{8BC9CEB8-8B4A-11D0-8D11-00A0C91BC942}") = "vsapminfo", "vsapminfo\vsapminfo.vcproj", "{378815DD-7EA8-4811-8FCB-3C3A2D689B78}"
	ProjectSection(ProjectDependencies) = postProject
		{FF417CA7-B2AE-4F64-8C29-5A3602821F22} = {FF417CA7-B2AE-4F64-8C29-5A3602821F22}
		{C06A0FD9-6A98-4316-9B87-60C1E08420CD} = {C06A0FD9-6A98-4316-9B87-60C1E08420CD}
		{E8C2CD4C-9637-40BC-87CA-665EE68614AD} = {E8C2CD4C-9637-40BC-87CA-665EE68614AD}
		{3902A122-F3CB-433C-9F92-224AF528C7AD} = {3902A122-F3CB-433C-9F92-224AF528C7AD}
		{BA8293CB-B6B6-4893-858D-58CE55BBDC0C} = {BA8293CB-B6B6-4893-858D-58CE55BBDC0C}
	EndProjectSection
EndProject
Project("{8BC9CEB8-8B4A-11D0-8D11-00A0C91BC942}") = "libfdata", "libfdata\libfdata.vcproj", "{53CCA9A9-4780-4993-B037-2DD36E55C43A}"
	ProjectSection(ProjectDependencies) = postProject
		{BA8293CB-B6B6-4893-858D-58CE55BBDC0C} = {BA8293CB-B6B6-4893-858D-58CE55BBDC0C}
		{EA549EFE-1485-4B38-9AE6-F81BFFCC5A7F} = {EA549EFE-1485-4B38-9AE6-F81BFFCC5A7F}
		{C60FD8D1-62FB-4340-9177-06A9E6CC6A13} = {C60FD8D1-62FB-4340-9177-06A9E6CC6A13}
		{E8C2CD4C-9637-40BC-87CA-665EE68614AD} = {E8C2CD4C-9637-40BC-87CA-665EE68614AD}
		{112CB576-E814-48BA-B2B2-5B88B75FDFF3} = {112CB576-E814-48BA-B2B2-5B88B75FDFF3}
	EndProjectSection
EndProject
Project("{8BC9CEB8-8B4A-11D0-8D11-00A0C91BC942}") = "libcdata", "libcdata\libcdata.vcproj", "{C60FD8D1-62FB-4340-9177-06A9E6CC6A13}"
	ProjectSection(ProjectDependencies) = postProject
		{BA8293CB-B6B6-4893-858D-58CE55BBDC0C} = {BA8293CB-B6B6-4893-858D-58CE55BBDC0C}
		{EA549EFE-1485-4B38-9AE6-F81BFFCC5A7F} = {EA549EFE-1485-4B38-9AE6-F81BFFCC5A7F}
	EndProjectSection
EndProject
Project("{8BC9CEB8-8B4A-11D0-8D11-00A0C91BC942}") = "pyvsapm", "pyvsapm\pyvsapm.vcproj", "{791ECB51-F43A-4796-B695-1B5E72B56BBF}"
	ProjectSection(ProjectDependencies) = postProject
		{BA8293CB-B6B6-4893-858D-58CE55BBDC0C} = {BA8293CB-B6B6-4893-858D-58CE55BBDC0C}
		{C06A0FD9-6A98-4316-9B87-60C1E08420CD} = {C06A0FD9-6A98-4316-9B87-60C1E08420CD}
		{C60FD8D1-62FB-4340-9177-06A9E6CC6A13} = {C60FD8D1-62FB-4340-9177-06A9E6CC6A13}
		{3902A122-F3CB-433C-9F92-224AF528C7AD} = {3902A122-F3CB-433C-9F92-224AF528C7AD}
		{E08542C1-87FE-4B7D-9B2A-5CC4B62CBB92} = {E08542C1-87FE-4B7D-9B2A-5CC4B62CBB92}
		{FF417CA7-B2AE-4F64-8C29-5A3602821F22} = {FF417CA7-B2AE-4F64-8C29-5A3602821F22}
		{E54B4891-2C9C-470F-B3EB-630B6F36FCD2} = {E54B4891-2C9C-470F-B3EB-630B6F36FCD2}
		{289CBACF-7AB2-42F9-BFA3-175C0EF6C15E} = {289CBACF-7AB2-42F9-BFA3-175C0EF6C15E}
		{95BC74D8-709C-45EC-8009-EF1056391B2B} = {95BC74D8-709C-45EC-8009-EF1056391B2B}
	EndProjectSection
EndProject
Project("{8BC9CEB8-8B4A-11D0-8D11-00A0C91BC942}") = "libcsplit", "libcsplit\libcsplit.vcproj", "{E08542C1-87FE-4B7D-9B2A-5CC4B62CBB92}"
	ProjectSection(ProjectDependencies) = postProject
		{BA8293CB-B6B6-4893-858D-58CE55BBDC0C} = {BA8293CB-B6B6-4893-858D-58CE55BBDC0C}
	EndProjectSection
EndProject
Global
	GlobalSection(SolutionConfigurationPlatforms) = preSolution
		Release|Win32 = Release|Win32
		VSDebug|Win32 = VSDebug|Win32
	EndGlobalSection
	GlobalSection(ProjectConfigurationPlatforms) = postSolution
		{112CB576-E814-48BA-B2B2-5B88B75FDFF3}.Release|Win32.ActiveCfg = Release|Win32
		{112CB576-E814-48BA-B2B2-5B88B75FDFF3}.Release|Win32.Build.0 = Release|Win32
		{112CB576-E814-48BA-B2B2-5B88B75FDFF3}.VSDebug|Win32.ActiveCfg = VSDebug|Win32
		{112CB576-E814-48BA-B2B2-5B88B75FDFF3}.VSDebug|Win32.Build.0 = VSDebug|Win32
		{D5851644-C993-4C2D-B15B-727433077678}.Release|Win32.ActiveCfg = Release|Win32
		{D5851644-C993-4C2D-B15B-727433077678}.Release|Win32.Build.0 = Release|Win32
		{D5851644-C993-4C2D-B15B-727433077678}.VSDebug|Win32.ActiveCfg = VSDebug|Win32
		{D5851644-C993-4C2D-B15B-727433077678}.VSDebug|Win32.Build.0 = VSDebug|Win32
		{012F5F8A-8049-4745-A494-4E26DB8A0C27}.Release|Win32.ActiveCfg = Release|Win32
		{012F5F8A-8049-4745-A494-4E26DB8A0C27}.Release|Win32.Build.0 = Release|Win32
		{012F5F8A-8049-4745-A494-4E26DB8A0C27}.VSDebug|Win32.ActiveCfg = VSDebug|Win32
		{012F5F8A-8049-4745-A494-4E26DB8A0C27}.VSDebug|Win32.Build.0 = VSDebug|Win32
		{AD5D85B5-00D0-401E-B7B8-87AB5C9A1F35}.Release|Win32.ActiveCfg = Release|Win32
		{AD5D85B5-00D0-401E-B7B8-87AB5C9A1F35}.Release|Win32.Build.0 = Release|Win32
		{AD5D85B5-00D0-401E-B7B8-87AB5C9A1F35}.VSDebug|Win32.ActiveCfg = VSDebug|Win32
		{AD5D85B5-00D0-401E-B7B8-87AB5C9A1F35}.VSDebug|Win32.Build.0 = VSDebug|Win32
		{4242AD85-068B-4440-BA4B-45FFA0DC3B37}.Release|Win32.ActiveCfg = Release|Win32
		{4242AD85-068B-4440-BA4B-45FFA0DC3B37}.Release|Win32.Build.0 = Release|Win32
		{4242AD85-068B-4440-BA4B-45FFA0DC3B37}.VSDebug|Win32.ActiveCfg = VSDebug|Win32
		{4242AD85-068B-4440-BA4B-45FFA0DC3B37}.VSDebug|Win32.Build.0 = VSDebug|Win32
		{40A9B4CC-2EF1-43B3-86B1-95CA68489692}.Release|Win32.ActiveCfg = Release|Win32
		{40A9B4CC-2EF1-43B3-86B1-95CA68489692}.Release|Win32.Build.0 = Release|Win32
		{40A9B4CC-2EF1-43B3-86B1-95CA68489692}.VSDebug|Win32.ActiveCfg = VSDebug|Win32
		{40A9B4CC-2EF1-43B3-86B1-95CA68489692}.VSDebug|Win32.Build.0 = VSDebug|Win32
		{D2490D13-CC79-4A91-9703-E46E6D0FA360}.Release|Win32.ActiveCfg = Release|Win32
		{D2490D13-CC79-4A91-9703-E46E6D0FA360}.Release|Win32.Build.0 = Release|Win32
		{D2490D13-CC79-4A91-9703-E46E6D0FA360}.VSDebug|Win32.ActiveCfg = VSDebug|Win32
		{D2490D13-CC79-4A91-9703-E46E6D0FA360}.VSDebug|Win32.Build.0 = VSDebug|Win32
		{8072C06F-52C2-426D-B215-1116409C75A7}.Release|Win32.ActiveCfg = Release|Win32
		{8072C06F-52C2-426D-B215-1116409C75A7}.Release|Win32.Build.0 = Release|Win32
		{8072C06F-52C2-426D-B215-1116409C75A7}.VSDebug|Win32.ActiveCfg = VSDebug|Win32
		{8072C06F-52C2-426D-B215-1116409C75A7}.VSDebug|Win32.Build.0 = VSDebug|Win32
		{8C52A2E7-979F-4BEE-8292-34EC2C80420D}.Release|Win32.ActiveCfg = Release|Win32
		{8C52A2E7-979F-4BEE-8292-34EC2C80420D}.Release|Win32.Build.0 = Release|Win32
		{8C52A2E7-979F-4BEE-8292-34EC2C80420D}.VSDebug|Win32.ActiveCfg = VSDebug|Win32
		{8C52A2E7-979F-4BEE-8292-34EC2C80420D}.VSDebug|Win32.Build.0 = VSDebug|Win32
		{E4DD33FC-68DB-49B5-8E66-A3F91E6ED24C}.Release|Win32.ActiveCfg = Release|Win32
		{E4DD33FC-68DB-49B5-8E66-A3F91E6ED24C}.Release|Win32.Build.0 = Release|Win32
		{E4DD33FC-68DB-49B5-8E66-A3F91E6ED24C}.VSDebug|Win32.ActiveCfg = VSDebug|Win32
		{E4DD33FC-68DB-49B5-8E66-A3F91E6ED24C}.VSDebug|Win32.Build.0 = VSDebug|Win32
		{A8911428-6CA7-422F-8069-28A6D1D28128}.Release|Win32.ActiveCfg = Release|Win32
		{A8911428-6CA7-422F-8069-28A6D1D28128}.Release|Win32.Build.0 = Release|Win32
		{A8911428-6CA7-422F-8069-28A6D1D28128}.VSDebug|Win32.ActiveCfg = VSDebug|Win32
		{A8911428-6CA7-422F-8069-28A6D1D28128}.VSDebug|Win32.Build.0 = VSDebug|Win32
		{406BCCF0-3E9A-4983-BB50-BBBB01E05B9B}.Release|Win32.ActiveCfg = Release|Win32
		{406BCCF0-3E9A-4983-BB50-BBBB01E05B9B}.Release|Win32.Build.0 = Release|Win32
		{406BCCF0-3E9A-4983-BB50-BBBB01E05B9B}.VSDebug|Win32.ActiveCfg = VSDebug|Win32
		{406BCCF0-3E9A-4983-BB50-BBBB01E05B9B}.VSDebug|Win32.Build.0 = VSDebug|Win32
		{3902A122-F3CB-433C-9F92-224AF528C7AD}.Release|Win32.ActiveCfg = Release|Win32
		{3902A122-F3CB-433C-9F92-224AF528C7AD}.Release|Win32.Build.0 = Release|Win32
		{3902A122-F3CB-433C-9F92-224AF528C7AD}.VSDebug|Win32.ActiveCfg = VSDebug|Win32
		{3902A122-F3CB-433C-9F92-224AF528C7AD}.VSDebug|Win32.Build.0 = VSDebug|Win32
		{95BC74D8-709C-45EC-8009-EF1056391B2B}.Release|Win32.ActiveCfg = Release|Win32
		{95BC74D8-709C-45EC-8009-EF1056391B2B}.Release|Win32.Build.0 = Release|Win32
		{95BC74D8-709C-45EC-8009-EF1056391B2B}.VSDebug|Win32.ActiveCfg = VSDebug|Win32
		{95BC74D8-709C-45EC-8009-EF1056391B2B}.VSDebug|Win32.Build.0 = VSDebug|Win32
		{E54B4891-2C9C-470F-B3EB-630B6F36FCD2}.Release|Win32.ActiveCfg = Release|Win32
		{E54B4891-2C9C-470F-B3EB-630B6F36FCD2}.Release|Win32.Build.0 = Release|Win32
		{E54B4891-2C9C-470F-B3EB-630B6F36FCD2}.VSDebug|Win32.ActiveCfg = VSDebug|Win32
		{E54B4891-2C9C-470F-B3EB-630B6F36FCD2}.VSDebug|Win32.Build.0 = VSDebug|Win32
		{EA549EFE-1485-4B38-9AE6-F81BFFCC5A7F}.Release|Win32.ActiveCfg = Release|Win32
		{EA549EFE-1485-4B38-9AE6-F81BFFCC5A7F}.Release|Win32.Build.0 = Release|Win32
		{EA549EFE-1485-4B38-9AE6-F81BFFCC5A7F}.VSDebug|Win32.ActiveCfg = VSDebug|Win32
		{EA549EFE-1485-4B38-9AE6-F81BFFCC5A7F}.VSDebug|Win32.Build.0 = VSDebug|Win32
		{289CBACF-7AB2-42F9-BFA3-175C0EF6C15E}.Release|Win32.ActiveCfg = Release|Win32
		{289CBACF-7AB2-42F9-BFA3-175C0EF6C15E}.Release|Win32.Build.0 = Release|Win32
		{289CBACF-7AB2-42F9-BFA3-175C0EF6C15E}.VSDebug|Win32.ActiveCfg = VSDebug|Win32
		{289CBACF-7AB2-42F9-BFA3-175C0EF6C15E}.VSDebug|Win32.Build.0 = VSDebug|Win32
		{FF417CA7-B2AE-4F64-8C29-5A3602821F22}.Release|Win32.ActiveCfg = Release|Win32
		{FF417CA7-B2AE-4F64-8C29-5A3602821F22}.Release|Win32.Build.0 = Release|Win32
		{FF417CA7-B2AE-4F64-8C29-5A3602821F22}.VSDebug|Win32.ActiveCfg = VSDebug|Win32
		{FF417CA7-B2AE-4F64-8C29-5A3602821F22}.VSDebug|Win32.Build.0 = VSDebug|Win32
		{C06A0FD9-6A98-4316-9B87-60C1E08420CD}.Release|Win32.ActiveCfg = Release|Win32
		{C06A0FD9-6A98-4316-9B87-60C1E08420CD}.Release|Win32.Build.0 = Release|Win32
		{C06A0FD9-6A98-4316-9B87-60C1E08420CD}.VSDebug|Win32.ActiveCfg = VSDebug|Win32
		{C06A0FD9-6A98-4316-9B87-60C1E08420CD}.VSDebug|Win32.Build.0 = VSDebug|Win32
		{BA8293CB-B6B6-4893-858D-58CE55BBDC0C}.Release|Win32.ActiveCfg = Release|Win32
		{BA8293CB-B6B6-4893-858D-58CE55BBDC0C}.Release|Win32.Build.0 = Release|Win32
		{BA8293CB-B6B6-4893-858D-58CE55BBDC0C}.VSDebug|Win32.ActiveCfg = VSDebug|Win32
		{BA8293CB-B6B6-4893-858D-58CE55BBDC0C}.VSDebug|Win32.Build.0 = VSDebug|Win32
		{E8C2CD4C-9637-40BC-87CA-665EE68614AD}.Release|Win32.ActiveCfg = Release|Win32
		{E8C2CD4C-9637-40BC-87CA-665EE68614AD}.Release|Win32.Build.0 = Release|Win32
		{E8C2CD4C-9637-40BC-87CA-665EE68614AD}.VSDebug|Win32.ActiveCfg = VSDebug|Win32
		{E8C2CD4C-9637-40BC-87CA-665EE68614AD}.VSDebug|Win32.Build.0 = VSDebug|Win32
		{378815DD-7EA8-4811-8FCB-3C3A2D689B78}.Release|Win32.ActiveCfg = Release|Win32
		{378815DD-7EA8-4811-8FCB-3C3A2D689B78}.Release|Win32.Build.0 = Release|Win32
		{378815DD-7EA8-4811-8FCB-3C3A2D689B78}.VSDebug|Win32.ActiveCfg = VSDebug|Win32
		{378815DD-7EA8-4811-8FCB-3C3A2D689B78}.VSDebug|Win32.Build.0 = VSDebug|Win32
		{53CCA9A9-4780-4993-B037-2DD36E55C43A}.Release|Win32.ActiveCfg = Release|Win32
		{53CCA9A9-4780-4993-B037-2DD36E55C43A}.Release|Win32.Build.0 = Release|Win32
		{53CCA9A9-4780-4993-B037-2DD36E55C43A}.VSDebug|Win32.ActiveCfg = VSDebug|Win32
		{53CCA9A9-4780-4993-B037-2DD36E55C43A}.VSDebug|Win32.Build.0 = VSDebug|Win32
		{C60FD8D1-62FB-4340-9177-06A9E6CC6A13}.Release|Win32.ActiveCfg = Release|Win32
		{C60FD8D1-62FB-4340-9177-06A9E6CC6A13}.Release|Win32.Build.0 = Release|Win32
		{C60FD8D1-62FB-4340-9177-06A9E6CC6A13}.VSDebug|Win32.ActiveCfg = VSDebug|Win32
		{C60FD8D1-62FB-4340-9177-06A9E6CC6A13}.VSDebug|Win32.Build.0 = VSDebug|Win32
		{791ECB51-F43A-4796-B695-1B5E72B56BBF}.Release|Win32.ActiveCfg = Release|Win32
		{791ECB51-F43A-4796-B695-1B5E72B56BBF}.Release|Win32.Build.0 = Release|Win32
		{791ECB51-F43A-4796-B695-1B5E72B56BBF}.VSDebug|Win32.ActiveCfg = VSDebug|Win32
		{791ECB51-F43A-4796-B695-1B5E72B56BBF}.VSDebug|Win32.Build.0 = VSDebug|Win32
		{E08542C1-87FE-4B7D-9B2A-5CC4B62CBB92}.Release|Win32.ActiveCfg = Release|Win32
		{E08542C1-87FE-4B7D-9B2A-5CC4B62CBB92}.Release|Win32.Build.0 = Release|Win32
		{E08542C1-87FE-4B7D-9B2A-5CC4B62CBB92}.VSDebug|Win32.ActiveCfg = VSDebug|Win32
		{E08542C1-87FE-4B7D-9B2A-5CC4B62CBB92}.VSDebug|Win32.Build.0 = VSDebug|Win32
	EndGlobalSection
	GlobalSection(SolutionProperties) = preSolution
		HideSolutionNode = FALSE
	EndGlobalSection
EndGlobal
